
Microsoft Visual Studio Solution File, Format Version 12.00
# Visual Studio Version 17
VisualStudioVersion = 17.1.32421.90
MinimumVisualStudioVersion = 10.0.40219.1
Project("{2150E333-8FDC-42A3-9474-1A3956D46DE8}") = "1-EX", "1-EX", "{C986DC65-E105-4725-AB65-8379C50DE5D9}"
EndProject
Project("{2150E333-8FDC-42A3-9474-1A3956D46DE8}") = "CLARK", "CLARK", "{97BF5F73-E496-4D6C-BB42-76A49085E38F}"
EndProject
Project("{2150E333-8FDC-42A3-9474-1A3956D46DE8}") = "MaViCS", "MaViCS", "{5358156C-0E06-4C9A-B038-858116396B8A}"
EndProject
Project("{2150E333-8FDC-42A3-9474-1A3956D46DE8}") = "NEnki-HEXA", "NEnki-HEXA", "{2006D987-E32C-4C02-ADD5-5BCAF4B6D41D}"
EndProject
Project("{9A19103F-16F7-4668-BE54-9A1E7A4F7556}") = "Enki-NL", "NEnki\EX\Enki-NL\Enki-NL.csproj", "{F477C884-14E3-4242-8034-BDA2F19C7B68}"
EndProject
Project("{9A19103F-16F7-4668-BE54-9A1E7A4F7556}") = "Web", "NEnki\Hexa\Web\Web.csproj", "{68EE1351-E49C-4919-A19D-A73809F55E03}"
EndProject
Project("{9A19103F-16F7-4668-BE54-9A1E7A4F7556}") = "Services.Abstractions", "NEnki\Hexa\Services.Abstractions\Services.Abstractions.csproj", "{6F895786-B204-42F9-B72E-41DB5242BDA7}"
EndProject
Project("{9A19103F-16F7-4668-BE54-9A1E7A4F7556}") = "Services", "NEnki\Hexa\Services\Services.csproj", "{BD639B00-B5F8-4427-B88F-6CE168514B81}"
EndProject
Project("{9A19103F-16F7-4668-BE54-9A1E7A4F7556}") = "Presentation", "NEnki\Hexa\Presentation\Presentation.csproj", "{18DF3968-3777-47BE-BD99-2A5A7EA4651A}"
EndProject
Project("{9A19103F-16F7-4668-BE54-9A1E7A4F7556}") = "Persistance", "NEnki\Hexa\Persistance\Persistance.csproj", "{A698A50B-2CE0-4673-BA01-A5ED257E0C5A}"
EndProject
Project("{9A19103F-16F7-4668-BE54-9A1E7A4F7556}") = "Domain", "NEnki\Hexa\Domain\Domain.csproj", "{7B7D8CF2-04B6-45F3-851E-68D6E561C817}"
EndProject
Project("{9A19103F-16F7-4668-BE54-9A1E7A4F7556}") = "Contracts", "NEnki\Hexa\Contracts\Contracts.csproj", "{27EEE206-3442-45F8-A22E-4D9C0B8B4DF6}"
EndProject
Project("{9A19103F-16F7-4668-BE54-9A1E7A4F7556}") = "Komyunity-Api", "..\..\..\B.A.D.C.O.P.Y\for-komyunity\Komyunity\Komyunity-Api\Komyunity-Api.csproj", "{92F20D7C-C87C-44F4-9DE9-9BDAE2B986CA}"
EndProject
Project("{2150E333-8FDC-42A3-9474-1A3956D46DE8}") = "2-BCO", "2-BCO", "{56B7EFF7-2FBF-4532-B7F2-ED824A7A5A91}"
EndProject
Project("{2150E333-8FDC-42A3-9474-1A3956D46DE8}") = "Onyo", "Onyo", "{32745E12-6D7B-4F7B-931F-63E4753E2ECF}"
EndProject
Project("{9A19103F-16F7-4668-BE54-9A1E7A4F7556}") = "Contracts", "..\..\..\B.A.D.C.O.P.Y\for-Quickstars\OnionArchi-EX\OnionArchitecutre\Contracts\Contracts.csproj", "{FA84B773-ADA1-43D3-AD25-E405615281A5}"
EndProject
Project("{9A19103F-16F7-4668-BE54-9A1E7A4F7556}") = "Domain", "..\..\..\B.A.D.C.O.P.Y\for-Quickstars\OnionArchi-EX\OnionArchitecutre\Domain\Domain.csproj", "{9CED6E3A-8A74-44B7-9D85-4C8608B7140A}"
EndProject
Project("{9A19103F-16F7-4668-BE54-9A1E7A4F7556}") = "Persistence", "..\..\..\B.A.D.C.O.P.Y\for-Quickstars\OnionArchi-EX\OnionArchitecutre\Persistence\Persistence.csproj", "{0CBDA24A-92AC-44FB-AD7B-BE99BAFA43EA}"
EndProject
Project("{9A19103F-16F7-4668-BE54-9A1E7A4F7556}") = "Presentation", "..\..\..\B.A.D.C.O.P.Y\for-Quickstars\OnionArchi-EX\OnionArchitecutre\Presentation\Presentation.csproj", "{287E290A-7E98-4932-85E8-2A61B2068966}"
EndProject
Project("{9A19103F-16F7-4668-BE54-9A1E7A4F7556}") = "Services", "..\..\..\B.A.D.C.O.P.Y\for-Quickstars\OnionArchi-EX\OnionArchitecutre\Services\Services.csproj", "{6E5D2964-6F98-4D43-A435-1E4BBF096AC0}"
EndProject
Project("{9A19103F-16F7-4668-BE54-9A1E7A4F7556}") = "Services.Abstractions", "..\..\..\B.A.D.C.O.P.Y\for-Quickstars\OnionArchi-EX\OnionArchitecutre\Services.Abstractions\Services.Abstractions.csproj", "{1276418B-E7B7-4EED-8569-AD2D238CC7BB}"
EndProject
Project("{9A19103F-16F7-4668-BE54-9A1E7A4F7556}") = "Web", "..\..\..\B.A.D.C.O.P.Y\for-Quickstars\OnionArchi-EX\OnionArchitecutre\Web\Web.csproj", "{AA7D31E4-491D-4826-B549-3DEA0E7047E4}"
EndProject
Project("{E53339B2-1760-4266-BCC7-CA923CBCF16C}") = "docker-compose", "..\..\..\B.A.D.C.O.P.Y\for-Quickstars\OnionArchi-EX\OnionArchitecutre\docker-compose.dcproj", "{EFDB57CC-0524-473D-B399-A0E6FDCC54B8}"
EndProject
Project("{9A19103F-16F7-4668-BE54-9A1E7A4F7556}") = "CLARK", "CLARK\CLARK\CLARK.csproj", "{F359CA83-2764-42B1-88FE-7119ECAA9236}"
EndProject
Project("{2150E333-8FDC-42A3-9474-1A3956D46DE8}") = "CLAR-1", "CLAR-1", "{22FA6ACF-595D-4656-BAE5-44432EF18D50}"
EndProject
Project("{9A19103F-16F7-4668-BE54-9A1E7A4F7556}") = "Clean.Architecture.Web", "..\..\..\B.A.D.C.O.P.Y\for-Quickstars\CLAR-1\src\Clean.Architecture.Web\Clean.Architecture.Web.csproj", "{8D5E7F56-AD23-46F9-BDEB-883B05643A6F}"
EndProject
Project("{9A19103F-16F7-4668-BE54-9A1E7A4F7556}") = "Clean.Architecture.SharedKernel", "..\..\..\B.A.D.C.O.P.Y\for-Quickstars\CLAR-1\src\Clean.Architecture.SharedKernel\Clean.Architecture.SharedKernel.csproj", "{744495AA-5700-420B-9E22-66DE0D780684}"
EndProject
Project("{9A19103F-16F7-4668-BE54-9A1E7A4F7556}") = "Clean.Architecture.Infrastructure", "..\..\..\B.A.D.C.O.P.Y\for-Quickstars\CLAR-1\src\Clean.Architecture.Infrastructure\Clean.Architecture.Infrastructure.csproj", "{403BC81C-829B-426B-9B11-A3B6E70EE531}"
EndProject
Project("{9A19103F-16F7-4668-BE54-9A1E7A4F7556}") = "Clean.Architecture.Core", "..\..\..\B.A.D.C.O.P.Y\for-Quickstars\CLAR-1\src\Clean.Architecture.Core\Clean.Architecture.Core.csproj", "{131C5C89-F9A1-4116-A590-A0D28E0D6A42}"
EndProject
Project("{9A19103F-16F7-4668-BE54-9A1E7A4F7556}") = "Clean.Architecture.FunctionalTests", "..\..\..\B.A.D.C.O.P.Y\for-Quickstars\CLAR-1\tests\Clean.Architecture.FunctionalTests\Clean.Architecture.FunctionalTests.csproj", "{431E3DE8-0EC4-4D6B-9903-E4953A2BE243}"
EndProject
Project("{9A19103F-16F7-4668-BE54-9A1E7A4F7556}") = "Clean.Architecture.IntegrationTests", "..\..\..\B.A.D.C.O.P.Y\for-Quickstars\CLAR-1\tests\Clean.Architecture.IntegrationTests\Clean.Architecture.IntegrationTests.csproj", "{E558DF09-D68E-454F-BAC4-702081C29579}"
EndProject
Project("{9A19103F-16F7-4668-BE54-9A1E7A4F7556}") = "Clean.Architecture.UnitTests", "..\..\..\B.A.D.C.O.P.Y\for-Quickstars\CLAR-1\tests\Clean.Architecture.UnitTests\Clean.Architecture.UnitTests.csproj", "{5B4C731E-56E7-448E-A676-435F399D28A5}"
EndProject
Project("{2150E333-8FDC-42A3-9474-1A3956D46DE8}") = "CLAR-J", "CLAR-J", "{694C3856-7A12-449C-AA0E-1708D5465C27}"
EndProject
Project("{2150E333-8FDC-42A3-9474-1A3956D46DE8}") = "CLAR-K", "CLAR-K", "{7E67BCF1-9E66-4576-AFDA-FBB81C8DBF00}"
EndProject
Project("{9A19103F-16F7-4668-BE54-9A1E7A4F7556}") = "WebUI", "..\..\..\B.A.D.C.O.P.Y\for-Quickstars\CLAR-K\src\WebUI\WebUI.csproj", "{8BE1CAA2-7858-4BD3-9752-EF6681126196}"
EndProject
Project("{9A19103F-16F7-4668-BE54-9A1E7A4F7556}") = "Infrastructure", "..\..\..\B.A.D.C.O.P.Y\for-Quickstars\CLAR-K\src\Infrastructure\Infrastructure.csproj", "{3198D7E4-49DC-4618-9744-CBC0F1B109CD}"
EndProject
Project("{9A19103F-16F7-4668-BE54-9A1E7A4F7556}") = "Domain", "..\..\..\B.A.D.C.O.P.Y\for-Quickstars\CLAR-K\src\Domain\Domain.csproj", "{25D8D3D4-B903-4EAC-88AE-A0A6924D0C76}"
EndProject
Project("{9A19103F-16F7-4668-BE54-9A1E7A4F7556}") = "Application", "..\..\..\B.A.D.C.O.P.Y\for-Quickstars\CLAR-K\src\Application\Application.csproj", "{0E8CB2AD-A50E-4371-BA8B-68499E6677D6}"
EndProject
Project("{9A19103F-16F7-4668-BE54-9A1E7A4F7556}") = "Application.IntegrationTests", "..\..\..\B.A.D.C.O.P.Y\for-Quickstars\CLAR-K\tests\Application.IntegrationTests\Application.IntegrationTests.csproj", "{1EFF9612-36DE-487C-A664-0C05C7D21566}"
EndProject
Project("{9A19103F-16F7-4668-BE54-9A1E7A4F7556}") = "Application.UnitTests", "..\..\..\B.A.D.C.O.P.Y\for-Quickstars\CLAR-K\tests\Application.UnitTests\Application.UnitTests.csproj", "{C70333D3-956C-44D1-93C6-ECAFCC0EE29C}"
EndProject
Project("{9A19103F-16F7-4668-BE54-9A1E7A4F7556}") = "Domain.UnitTests", "..\..\..\B.A.D.C.O.P.Y\for-Quickstars\CLAR-K\tests\Domain.UnitTests\Domain.UnitTests.csproj", "{03684E7A-F86C-4460-A2A1-AAC52B326388}"
EndProject
Project("{9A19103F-16F7-4668-BE54-9A1E7A4F7556}") = "WebUI.AcceptanceTests", "..\..\..\B.A.D.C.O.P.Y\for-Quickstars\CLAR-K\tests\WebUI.AcceptanceTests\WebUI.AcceptanceTests.csproj", "{84621BA8-D923-4BB0-8605-1B0EB612921D}"
EndProject
Project("{9A19103F-16F7-4668-BE54-9A1E7A4F7556}") = "Application", "..\..\..\B.A.D.C.O.P.Y\for-Quickstars\CLAR_J\src\Application\Application.csproj", "{8DA6B7CF-CD19-4C6A-91E5-D7A0F171AC45}"
EndProject
Project("{9A19103F-16F7-4668-BE54-9A1E7A4F7556}") = "Domain", "..\..\..\B.A.D.C.O.P.Y\for-Quickstars\CLAR_J\src\Domain\Domain.csproj", "{6929E59E-9A94-4157-9F59-FBD054FC1474}"
EndProject
Project("{9A19103F-16F7-4668-BE54-9A1E7A4F7556}") = "Infrastructure", "..\..\..\B.A.D.C.O.P.Y\for-Quickstars\CLAR_J\src\Infrastructure\Infrastructure.csproj", "{09B0F2D8-AC89-4107-A5C2-38060186AB28}"
EndProject
Project("{9A19103F-16F7-4668-BE54-9A1E7A4F7556}") = "WebUI", "..\..\..\B.A.D.C.O.P.Y\for-Quickstars\CLAR_J\src\WebUI\WebUI.csproj", "{0CB36EF1-9F8A-457F-83AE-34815048DF55}"
EndProject
Project("{9A19103F-16F7-4668-BE54-9A1E7A4F7556}") = "MaViCS", "MaViCS\MaViCS\MaViCS.csproj", "{15002A2E-C1C3-411C-BFE0-847506424C83}"
EndProject
Project("{9A19103F-16F7-4668-BE54-9A1E7A4F7556}") = "MaViCS.Domain", "MaViCS\MaViCS.Domain\MaViCS.Domain.csproj", "{63C625A1-C659-44FD-9C2E-94BB8148C7DC}"
EndProject
Project("{9A19103F-16F7-4668-BE54-9A1E7A4F7556}") = "MaViCS.Business", "MaViCS\MaViCS.Business\MaViCS.Business.csproj", "{CCABC4C1-6D30-49BC-8429-CA1655EDCF9E}"
EndProject
Project("{2150E333-8FDC-42A3-9474-1A3956D46DE8}") = "Solution Items", "Solution Items", "{3F0670C4-E6CD-4380-B3F8-BC73B6CE1B42}"
	ProjectSection(SolutionItems) = preProject
		.editorconfig = .editorconfig
	EndProjectSection
EndProject
Project("{2150E333-8FDC-42A3-9474-1A3956D46DE8}") = "NewFolder1", "NewFolder1", "{15CB9AE6-0470-413F-AF27-775B3EBFF548}"
EndProject
Global
	GlobalSection(SolutionConfigurationPlatforms) = preSolution
		Debug|Any CPU = Debug|Any CPU
		Release|Any CPU = Release|Any CPU
	EndGlobalSection
	GlobalSection(ProjectConfigurationPlatforms) = postSolution
		{F477C884-14E3-4242-8034-BDA2F19C7B68}.Debug|Any CPU.ActiveCfg = Debug|Any CPU
		{F477C884-14E3-4242-8034-BDA2F19C7B68}.Debug|Any CPU.Build.0 = Debug|Any CPU
		{F477C884-14E3-4242-8034-BDA2F19C7B68}.Release|Any CPU.ActiveCfg = Release|Any CPU
		{F477C884-14E3-4242-8034-BDA2F19C7B68}.Release|Any CPU.Build.0 = Release|Any CPU
		{68EE1351-E49C-4919-A19D-A73809F55E03}.Debug|Any CPU.ActiveCfg = Debug|Any CPU
		{68EE1351-E49C-4919-A19D-A73809F55E03}.Debug|Any CPU.Build.0 = Debug|Any CPU
		{68EE1351-E49C-4919-A19D-A73809F55E03}.Release|Any CPU.ActiveCfg = Release|Any CPU
		{68EE1351-E49C-4919-A19D-A73809F55E03}.Release|Any CPU.Build.0 = Release|Any CPU
		{6F895786-B204-42F9-B72E-41DB5242BDA7}.Debug|Any CPU.ActiveCfg = Debug|Any CPU
		{6F895786-B204-42F9-B72E-41DB5242BDA7}.Debug|Any CPU.Build.0 = Debug|Any CPU
		{6F895786-B204-42F9-B72E-41DB5242BDA7}.Release|Any CPU.ActiveCfg = Release|Any CPU
		{6F895786-B204-42F9-B72E-41DB5242BDA7}.Release|Any CPU.Build.0 = Release|Any CPU
		{BD639B00-B5F8-4427-B88F-6CE168514B81}.Debug|Any CPU.ActiveCfg = Debug|Any CPU
		{BD639B00-B5F8-4427-B88F-6CE168514B81}.Debug|Any CPU.Build.0 = Debug|Any CPU
		{BD639B00-B5F8-4427-B88F-6CE168514B81}.Release|Any CPU.ActiveCfg = Release|Any CPU
		{BD639B00-B5F8-4427-B88F-6CE168514B81}.Release|Any CPU.Build.0 = Release|Any CPU
		{18DF3968-3777-47BE-BD99-2A5A7EA4651A}.Debug|Any CPU.ActiveCfg = Debug|Any CPU
		{18DF3968-3777-47BE-BD99-2A5A7EA4651A}.Debug|Any CPU.Build.0 = Debug|Any CPU
		{18DF3968-3777-47BE-BD99-2A5A7EA4651A}.Release|Any CPU.ActiveCfg = Release|Any CPU
		{18DF3968-3777-47BE-BD99-2A5A7EA4651A}.Release|Any CPU.Build.0 = Release|Any CPU
		{A698A50B-2CE0-4673-BA01-A5ED257E0C5A}.Debug|Any CPU.ActiveCfg = Debug|Any CPU
		{A698A50B-2CE0-4673-BA01-A5ED257E0C5A}.Debug|Any CPU.Build.0 = Debug|Any CPU
		{A698A50B-2CE0-4673-BA01-A5ED257E0C5A}.Release|Any CPU.ActiveCfg = Release|Any CPU
		{A698A50B-2CE0-4673-BA01-A5ED257E0C5A}.Release|Any CPU.Build.0 = Release|Any CPU
		{7B7D8CF2-04B6-45F3-851E-68D6E561C817}.Debug|Any CPU.ActiveCfg = Debug|Any CPU
		{7B7D8CF2-04B6-45F3-851E-68D6E561C817}.Debug|Any CPU.Build.0 = Debug|Any CPU
		{7B7D8CF2-04B6-45F3-851E-68D6E561C817}.Release|Any CPU.ActiveCfg = Release|Any CPU
		{7B7D8CF2-04B6-45F3-851E-68D6E561C817}.Release|Any CPU.Build.0 = Release|Any CPU
		{27EEE206-3442-45F8-A22E-4D9C0B8B4DF6}.Debug|Any CPU.ActiveCfg = Debug|Any CPU
		{27EEE206-3442-45F8-A22E-4D9C0B8B4DF6}.Debug|Any CPU.Build.0 = Debug|Any CPU
		{27EEE206-3442-45F8-A22E-4D9C0B8B4DF6}.Release|Any CPU.ActiveCfg = Release|Any CPU
		{27EEE206-3442-45F8-A22E-4D9C0B8B4DF6}.Release|Any CPU.Build.0 = Release|Any CPU
		{92F20D7C-C87C-44F4-9DE9-9BDAE2B986CA}.Debug|Any CPU.ActiveCfg = Debug|Any CPU
		{92F20D7C-C87C-44F4-9DE9-9BDAE2B986CA}.Debug|Any CPU.Build.0 = Debug|Any CPU
		{92F20D7C-C87C-44F4-9DE9-9BDAE2B986CA}.Release|Any CPU.ActiveCfg = Release|Any CPU
		{92F20D7C-C87C-44F4-9DE9-9BDAE2B986CA}.Release|Any CPU.Build.0 = Release|Any CPU
		{FA84B773-ADA1-43D3-AD25-E405615281A5}.Debug|Any CPU.ActiveCfg = Debug|Any CPU
		{FA84B773-ADA1-43D3-AD25-E405615281A5}.Debug|Any CPU.Build.0 = Debug|Any CPU
		{FA84B773-ADA1-43D3-AD25-E405615281A5}.Release|Any CPU.ActiveCfg = Release|Any CPU
		{FA84B773-ADA1-43D3-AD25-E405615281A5}.Release|Any CPU.Build.0 = Release|Any CPU
		{9CED6E3A-8A74-44B7-9D85-4C8608B7140A}.Debug|Any CPU.ActiveCfg = Debug|Any CPU
		{9CED6E3A-8A74-44B7-9D85-4C8608B7140A}.Debug|Any CPU.Build.0 = Debug|Any CPU
		{9CED6E3A-8A74-44B7-9D85-4C8608B7140A}.Release|Any CPU.ActiveCfg = Release|Any CPU
		{9CED6E3A-8A74-44B7-9D85-4C8608B7140A}.Release|Any CPU.Build.0 = Release|Any CPU
		{0CBDA24A-92AC-44FB-AD7B-BE99BAFA43EA}.Debug|Any CPU.ActiveCfg = Debug|Any CPU
		{0CBDA24A-92AC-44FB-AD7B-BE99BAFA43EA}.Debug|Any CPU.Build.0 = Debug|Any CPU
		{0CBDA24A-92AC-44FB-AD7B-BE99BAFA43EA}.Release|Any CPU.ActiveCfg = Release|Any CPU
		{0CBDA24A-92AC-44FB-AD7B-BE99BAFA43EA}.Release|Any CPU.Build.0 = Release|Any CPU
		{287E290A-7E98-4932-85E8-2A61B2068966}.Debug|Any CPU.ActiveCfg = Debug|Any CPU
		{287E290A-7E98-4932-85E8-2A61B2068966}.Debug|Any CPU.Build.0 = Debug|Any CPU
		{287E290A-7E98-4932-85E8-2A61B2068966}.Release|Any CPU.ActiveCfg = Release|Any CPU
		{287E290A-7E98-4932-85E8-2A61B2068966}.Release|Any CPU.Build.0 = Release|Any CPU
		{6E5D2964-6F98-4D43-A435-1E4BBF096AC0}.Debug|Any CPU.ActiveCfg = Debug|Any CPU
		{6E5D2964-6F98-4D43-A435-1E4BBF096AC0}.Debug|Any CPU.Build.0 = Debug|Any CPU
		{6E5D2964-6F98-4D43-A435-1E4BBF096AC0}.Release|Any CPU.ActiveCfg = Release|Any CPU
		{6E5D2964-6F98-4D43-A435-1E4BBF096AC0}.Release|Any CPU.Build.0 = Release|Any CPU
		{1276418B-E7B7-4EED-8569-AD2D238CC7BB}.Debug|Any CPU.ActiveCfg = Debug|Any CPU
		{1276418B-E7B7-4EED-8569-AD2D238CC7BB}.Debug|Any CPU.Build.0 = Debug|Any CPU
		{1276418B-E7B7-4EED-8569-AD2D238CC7BB}.Release|Any CPU.ActiveCfg = Release|Any CPU
		{1276418B-E7B7-4EED-8569-AD2D238CC7BB}.Release|Any CPU.Build.0 = Release|Any CPU
		{AA7D31E4-491D-4826-B549-3DEA0E7047E4}.Debug|Any CPU.ActiveCfg = Debug|Any CPU
		{AA7D31E4-491D-4826-B549-3DEA0E7047E4}.Debug|Any CPU.Build.0 = Debug|Any CPU
		{AA7D31E4-491D-4826-B549-3DEA0E7047E4}.Release|Any CPU.ActiveCfg = Release|Any CPU
		{AA7D31E4-491D-4826-B549-3DEA0E7047E4}.Release|Any CPU.Build.0 = Release|Any CPU
		{EFDB57CC-0524-473D-B399-A0E6FDCC54B8}.Debug|Any CPU.ActiveCfg = Debug|Any CPU
		{EFDB57CC-0524-473D-B399-A0E6FDCC54B8}.Debug|Any CPU.Build.0 = Debug|Any CPU
		{EFDB57CC-0524-473D-B399-A0E6FDCC54B8}.Release|Any CPU.ActiveCfg = Release|Any CPU
		{EFDB57CC-0524-473D-B399-A0E6FDCC54B8}.Release|Any CPU.Build.0 = Release|Any CPU
		{F359CA83-2764-42B1-88FE-7119ECAA9236}.Debug|Any CPU.ActiveCfg = Debug|Any CPU
		{F359CA83-2764-42B1-88FE-7119ECAA9236}.Debug|Any CPU.Build.0 = Debug|Any CPU
		{F359CA83-2764-42B1-88FE-7119ECAA9236}.Release|Any CPU.ActiveCfg = Release|Any CPU
		{F359CA83-2764-42B1-88FE-7119ECAA9236}.Release|Any CPU.Build.0 = Release|Any CPU
		{8D5E7F56-AD23-46F9-BDEB-883B05643A6F}.Debug|Any CPU.ActiveCfg = Debug|Any CPU
		{8D5E7F56-AD23-46F9-BDEB-883B05643A6F}.Debug|Any CPU.Build.0 = Debug|Any CPU
		{8D5E7F56-AD23-46F9-BDEB-883B05643A6F}.Release|Any CPU.ActiveCfg = Release|Any CPU
		{8D5E7F56-AD23-46F9-BDEB-883B05643A6F}.Release|Any CPU.Build.0 = Release|Any CPU
		{744495AA-5700-420B-9E22-66DE0D780684}.Debug|Any CPU.ActiveCfg = Debug|Any CPU
		{744495AA-5700-420B-9E22-66DE0D780684}.Debug|Any CPU.Build.0 = Debug|Any CPU
		{744495AA-5700-420B-9E22-66DE0D780684}.Release|Any CPU.ActiveCfg = Release|Any CPU
		{744495AA-5700-420B-9E22-66DE0D780684}.Release|Any CPU.Build.0 = Release|Any CPU
		{403BC81C-829B-426B-9B11-A3B6E70EE531}.Debug|Any CPU.ActiveCfg = Debug|Any CPU
		{403BC81C-829B-426B-9B11-A3B6E70EE531}.Debug|Any CPU.Build.0 = Debug|Any CPU
		{403BC81C-829B-426B-9B11-A3B6E70EE531}.Release|Any CPU.ActiveCfg = Release|Any CPU
		{403BC81C-829B-426B-9B11-A3B6E70EE531}.Release|Any CPU.Build.0 = Release|Any CPU
		{131C5C89-F9A1-4116-A590-A0D28E0D6A42}.Debug|Any CPU.ActiveCfg = Debug|Any CPU
		{131C5C89-F9A1-4116-A590-A0D28E0D6A42}.Debug|Any CPU.Build.0 = Debug|Any CPU
		{131C5C89-F9A1-4116-A590-A0D28E0D6A42}.Release|Any CPU.ActiveCfg = Release|Any CPU
		{131C5C89-F9A1-4116-A590-A0D28E0D6A42}.Release|Any CPU.Build.0 = Release|Any CPU
		{431E3DE8-0EC4-4D6B-9903-E4953A2BE243}.Debug|Any CPU.ActiveCfg = Debug|Any CPU
		{431E3DE8-0EC4-4D6B-9903-E4953A2BE243}.Debug|Any CPU.Build.0 = Debug|Any CPU
		{431E3DE8-0EC4-4D6B-9903-E4953A2BE243}.Release|Any CPU.ActiveCfg = Release|Any CPU
		{431E3DE8-0EC4-4D6B-9903-E4953A2BE243}.Release|Any CPU.Build.0 = Release|Any CPU
		{E558DF09-D68E-454F-BAC4-702081C29579}.Debug|Any CPU.ActiveCfg = Debug|Any CPU
		{E558DF09-D68E-454F-BAC4-702081C29579}.Debug|Any CPU.Build.0 = Debug|Any CPU
		{E558DF09-D68E-454F-BAC4-702081C29579}.Release|Any CPU.ActiveCfg = Release|Any CPU
		{E558DF09-D68E-454F-BAC4-702081C29579}.Release|Any CPU.Build.0 = Release|Any CPU
		{5B4C731E-56E7-448E-A676-435F399D28A5}.Debug|Any CPU.ActiveCfg = Debug|Any CPU
		{5B4C731E-56E7-448E-A676-435F399D28A5}.Debug|Any CPU.Build.0 = Debug|Any CPU
		{5B4C731E-56E7-448E-A676-435F399D28A5}.Release|Any CPU.ActiveCfg = Release|Any CPU
		{5B4C731E-56E7-448E-A676-435F399D28A5}.Release|Any CPU.Build.0 = Release|Any CPU
		{8BE1CAA2-7858-4BD3-9752-EF6681126196}.Debug|Any CPU.ActiveCfg = Debug|Any CPU
		{8BE1CAA2-7858-4BD3-9752-EF6681126196}.Debug|Any CPU.Build.0 = Debug|Any CPU
		{8BE1CAA2-7858-4BD3-9752-EF6681126196}.Release|Any CPU.ActiveCfg = Release|Any CPU
		{8BE1CAA2-7858-4BD3-9752-EF6681126196}.Release|Any CPU.Build.0 = Release|Any CPU
		{3198D7E4-49DC-4618-9744-CBC0F1B109CD}.Debug|Any CPU.ActiveCfg = Debug|Any CPU
		{3198D7E4-49DC-4618-9744-CBC0F1B109CD}.Debug|Any CPU.Build.0 = Debug|Any CPU
		{3198D7E4-49DC-4618-9744-CBC0F1B109CD}.Release|Any CPU.ActiveCfg = Release|Any CPU
		{3198D7E4-49DC-4618-9744-CBC0F1B109CD}.Release|Any CPU.Build.0 = Release|Any CPU
		{25D8D3D4-B903-4EAC-88AE-A0A6924D0C76}.Debug|Any CPU.ActiveCfg = Debug|Any CPU
		{25D8D3D4-B903-4EAC-88AE-A0A6924D0C76}.Debug|Any CPU.Build.0 = Debug|Any CPU
		{25D8D3D4-B903-4EAC-88AE-A0A6924D0C76}.Release|Any CPU.ActiveCfg = Release|Any CPU
		{25D8D3D4-B903-4EAC-88AE-A0A6924D0C76}.Release|Any CPU.Build.0 = Release|Any CPU
		{0E8CB2AD-A50E-4371-BA8B-68499E6677D6}.Debug|Any CPU.ActiveCfg = Debug|Any CPU
		{0E8CB2AD-A50E-4371-BA8B-68499E6677D6}.Debug|Any CPU.Build.0 = Debug|Any CPU
		{0E8CB2AD-A50E-4371-BA8B-68499E6677D6}.Release|Any CPU.ActiveCfg = Release|Any CPU
		{0E8CB2AD-A50E-4371-BA8B-68499E6677D6}.Release|Any CPU.Build.0 = Release|Any CPU
		{1EFF9612-36DE-487C-A664-0C05C7D21566}.Debug|Any CPU.ActiveCfg = Debug|Any CPU
		{1EFF9612-36DE-487C-A664-0C05C7D21566}.Debug|Any CPU.Build.0 = Debug|Any CPU
		{1EFF9612-36DE-487C-A664-0C05C7D21566}.Release|Any CPU.ActiveCfg = Release|Any CPU
		{1EFF9612-36DE-487C-A664-0C05C7D21566}.Release|Any CPU.Build.0 = Release|Any CPU
		{C70333D3-956C-44D1-93C6-ECAFCC0EE29C}.Debug|Any CPU.ActiveCfg = Debug|Any CPU
		{C70333D3-956C-44D1-93C6-ECAFCC0EE29C}.Debug|Any CPU.Build.0 = Debug|Any CPU
		{C70333D3-956C-44D1-93C6-ECAFCC0EE29C}.Release|Any CPU.ActiveCfg = Release|Any CPU
		{C70333D3-956C-44D1-93C6-ECAFCC0EE29C}.Release|Any CPU.Build.0 = Release|Any CPU
		{03684E7A-F86C-4460-A2A1-AAC52B326388}.Debug|Any CPU.ActiveCfg = Debug|Any CPU
		{03684E7A-F86C-4460-A2A1-AAC52B326388}.Debug|Any CPU.Build.0 = Debug|Any CPU
		{03684E7A-F86C-4460-A2A1-AAC52B326388}.Release|Any CPU.ActiveCfg = Release|Any CPU
		{03684E7A-F86C-4460-A2A1-AAC52B326388}.Release|Any CPU.Build.0 = Release|Any CPU
		{84621BA8-D923-4BB0-8605-1B0EB612921D}.Debug|Any CPU.ActiveCfg = Debug|Any CPU
		{84621BA8-D923-4BB0-8605-1B0EB612921D}.Debug|Any CPU.Build.0 = Debug|Any CPU
		{84621BA8-D923-4BB0-8605-1B0EB612921D}.Release|Any CPU.ActiveCfg = Release|Any CPU
		{84621BA8-D923-4BB0-8605-1B0EB612921D}.Release|Any CPU.Build.0 = Release|Any CPU
		{8DA6B7CF-CD19-4C6A-91E5-D7A0F171AC45}.Debug|Any CPU.ActiveCfg = Debug|Any CPU
		{8DA6B7CF-CD19-4C6A-91E5-D7A0F171AC45}.Debug|Any CPU.Build.0 = Debug|Any CPU
		{8DA6B7CF-CD19-4C6A-91E5-D7A0F171AC45}.Release|Any CPU.ActiveCfg = Release|Any CPU
		{8DA6B7CF-CD19-4C6A-91E5-D7A0F171AC45}.Release|Any CPU.Build.0 = Release|Any CPU
		{6929E59E-9A94-4157-9F59-FBD054FC1474}.Debug|Any CPU.ActiveCfg = Debug|Any CPU
		{6929E59E-9A94-4157-9F59-FBD054FC1474}.Debug|Any CPU.Build.0 = Debug|Any CPU
		{6929E59E-9A94-4157-9F59-FBD054FC1474}.Release|Any CPU.ActiveCfg = Release|Any CPU
		{6929E59E-9A94-4157-9F59-FBD054FC1474}.Release|Any CPU.Build.0 = Release|Any CPU
		{09B0F2D8-AC89-4107-A5C2-38060186AB28}.Debug|Any CPU.ActiveCfg = Debug|Any CPU
		{09B0F2D8-AC89-4107-A5C2-38060186AB28}.Debug|Any CPU.Build.0 = Debug|Any CPU
		{09B0F2D8-AC89-4107-A5C2-38060186AB28}.Release|Any CPU.ActiveCfg = Release|Any CPU
		{09B0F2D8-AC89-4107-A5C2-38060186AB28}.Release|Any CPU.Build.0 = Release|Any CPU
		{0CB36EF1-9F8A-457F-83AE-34815048DF55}.Debug|Any CPU.ActiveCfg = Debug|Any CPU
		{0CB36EF1-9F8A-457F-83AE-34815048DF55}.Debug|Any CPU.Build.0 = Debug|Any CPU
		{0CB36EF1-9F8A-457F-83AE-34815048DF55}.Release|Any CPU.ActiveCfg = Release|Any CPU
		{0CB36EF1-9F8A-457F-83AE-34815048DF55}.Release|Any CPU.Build.0 = Release|Any CPU
		{15002A2E-C1C3-411C-BFE0-847506424C83}.Debug|Any CPU.ActiveCfg = Debug|Any CPU
		{15002A2E-C1C3-411C-BFE0-847506424C83}.Debug|Any CPU.Build.0 = Debug|Any CPU
		{15002A2E-C1C3-411C-BFE0-847506424C83}.Release|Any CPU.ActiveCfg = Release|Any CPU
		{15002A2E-C1C3-411C-BFE0-847506424C83}.Release|Any CPU.Build.0 = Release|Any CPU
		{63C625A1-C659-44FD-9C2E-94BB8148C7DC}.Debug|Any CPU.ActiveCfg = Debug|Any CPU
		{63C625A1-C659-44FD-9C2E-94BB8148C7DC}.Debug|Any CPU.Build.0 = Debug|Any CPU
		{63C625A1-C659-44FD-9C2E-94BB8148C7DC}.Release|Any CPU.ActiveCfg = Release|Any CPU
		{63C625A1-C659-44FD-9C2E-94BB8148C7DC}.Release|Any CPU.Build.0 = Release|Any CPU
		{CCABC4C1-6D30-49BC-8429-CA1655EDCF9E}.Debug|Any CPU.ActiveCfg = Debug|Any CPU
		{CCABC4C1-6D30-49BC-8429-CA1655EDCF9E}.Debug|Any CPU.Build.0 = Debug|Any CPU
		{CCABC4C1-6D30-49BC-8429-CA1655EDCF9E}.Release|Any CPU.ActiveCfg = Release|Any CPU
		{CCABC4C1-6D30-49BC-8429-CA1655EDCF9E}.Release|Any CPU.Build.0 = Release|Any CPU
	EndGlobalSection
	GlobalSection(SolutionProperties) = preSolution
		HideSolutionNode = FALSE
	EndGlobalSection
	GlobalSection(NestedProjects) = preSolution
		{2006D987-E32C-4C02-ADD5-5BCAF4B6D41D} = {C986DC65-E105-4725-AB65-8379C50DE5D9}
		{F477C884-14E3-4242-8034-BDA2F19C7B68} = {5358156C-0E06-4C9A-B038-858116396B8A}
		{68EE1351-E49C-4919-A19D-A73809F55E03} = {2006D987-E32C-4C02-ADD5-5BCAF4B6D41D}
		{6F895786-B204-42F9-B72E-41DB5242BDA7} = {2006D987-E32C-4C02-ADD5-5BCAF4B6D41D}
		{BD639B00-B5F8-4427-B88F-6CE168514B81} = {2006D987-E32C-4C02-ADD5-5BCAF4B6D41D}
		{18DF3968-3777-47BE-BD99-2A5A7EA4651A} = {2006D987-E32C-4C02-ADD5-5BCAF4B6D41D}
		{A698A50B-2CE0-4673-BA01-A5ED257E0C5A} = {2006D987-E32C-4C02-ADD5-5BCAF4B6D41D}
		{7B7D8CF2-04B6-45F3-851E-68D6E561C817} = {2006D987-E32C-4C02-ADD5-5BCAF4B6D41D}
		{27EEE206-3442-45F8-A22E-4D9C0B8B4DF6} = {2006D987-E32C-4C02-ADD5-5BCAF4B6D41D}
		{92F20D7C-C87C-44F4-9DE9-9BDAE2B986CA} = {15CB9AE6-0470-413F-AF27-775B3EBFF548}
		{32745E12-6D7B-4F7B-931F-63E4753E2ECF} = {56B7EFF7-2FBF-4532-B7F2-ED824A7A5A91}
		{FA84B773-ADA1-43D3-AD25-E405615281A5} = {32745E12-6D7B-4F7B-931F-63E4753E2ECF}
		{9CED6E3A-8A74-44B7-9D85-4C8608B7140A} = {32745E12-6D7B-4F7B-931F-63E4753E2ECF}
		{0CBDA24A-92AC-44FB-AD7B-BE99BAFA43EA} = {32745E12-6D7B-4F7B-931F-63E4753E2ECF}
		{287E290A-7E98-4932-85E8-2A61B2068966} = {32745E12-6D7B-4F7B-931F-63E4753E2ECF}
		{6E5D2964-6F98-4D43-A435-1E4BBF096AC0} = {32745E12-6D7B-4F7B-931F-63E4753E2ECF}
		{1276418B-E7B7-4EED-8569-AD2D238CC7BB} = {32745E12-6D7B-4F7B-931F-63E4753E2ECF}
		{AA7D31E4-491D-4826-B549-3DEA0E7047E4} = {32745E12-6D7B-4F7B-931F-63E4753E2ECF}
		{EFDB57CC-0524-473D-B399-A0E6FDCC54B8} = {32745E12-6D7B-4F7B-931F-63E4753E2ECF}
		{F359CA83-2764-42B1-88FE-7119ECAA9236} = {97BF5F73-E496-4D6C-BB42-76A49085E38F}
		{22FA6ACF-595D-4656-BAE5-44432EF18D50} = {56B7EFF7-2FBF-4532-B7F2-ED824A7A5A91}
		{8D5E7F56-AD23-46F9-BDEB-883B05643A6F} = {22FA6ACF-595D-4656-BAE5-44432EF18D50}
		{744495AA-5700-420B-9E22-66DE0D780684} = {22FA6ACF-595D-4656-BAE5-44432EF18D50}
		{403BC81C-829B-426B-9B11-A3B6E70EE531} = {22FA6ACF-595D-4656-BAE5-44432EF18D50}
		{131C5C89-F9A1-4116-A590-A0D28E0D6A42} = {22FA6ACF-595D-4656-BAE5-44432EF18D50}
		{431E3DE8-0EC4-4D6B-9903-E4953A2BE243} = {22FA6ACF-595D-4656-BAE5-44432EF18D50}
		{E558DF09-D68E-454F-BAC4-702081C29579} = {22FA6ACF-595D-4656-BAE5-44432EF18D50}
		{5B4C731E-56E7-448E-A676-435F399D28A5} = {22FA6ACF-595D-4656-BAE5-44432EF18D50}
		{694C3856-7A12-449C-AA0E-1708D5465C27} = {56B7EFF7-2FBF-4532-B7F2-ED824A7A5A91}
		{7E67BCF1-9E66-4576-AFDA-FBB81C8DBF00} = {56B7EFF7-2FBF-4532-B7F2-ED824A7A5A91}
		{8BE1CAA2-7858-4BD3-9752-EF6681126196} = {7E67BCF1-9E66-4576-AFDA-FBB81C8DBF00}
		{3198D7E4-49DC-4618-9744-CBC0F1B109CD} = {7E67BCF1-9E66-4576-AFDA-FBB81C8DBF00}
		{25D8D3D4-B903-4EAC-88AE-A0A6924D0C76} = {7E67BCF1-9E66-4576-AFDA-FBB81C8DBF00}
		{0E8CB2AD-A50E-4371-BA8B-68499E6677D6} = {7E67BCF1-9E66-4576-AFDA-FBB81C8DBF00}
		{1EFF9612-36DE-487C-A664-0C05C7D21566} = {7E67BCF1-9E66-4576-AFDA-FBB81C8DBF00}
		{C70333D3-956C-44D1-93C6-ECAFCC0EE29C} = {7E67BCF1-9E66-4576-AFDA-FBB81C8DBF00}
		{03684E7A-F86C-4460-A2A1-AAC52B326388} = {7E67BCF1-9E66-4576-AFDA-FBB81C8DBF00}
		{84621BA8-D923-4BB0-8605-1B0EB612921D} = {7E67BCF1-9E66-4576-AFDA-FBB81C8DBF00}
		{8DA6B7CF-CD19-4C6A-91E5-D7A0F171AC45} = {694C3856-7A12-449C-AA0E-1708D5465C27}
		{6929E59E-9A94-4157-9F59-FBD054FC1474} = {694C3856-7A12-449C-AA0E-1708D5465C27}
		{09B0F2D8-AC89-4107-A5C2-38060186AB28} = {694C3856-7A12-449C-AA0E-1708D5465C27}
		{0CB36EF1-9F8A-457F-83AE-34815048DF55} = {694C3856-7A12-449C-AA0E-1708D5465C27}
		{15002A2E-C1C3-411C-BFE0-847506424C83} = {5358156C-0E06-4C9A-B038-858116396B8A}
		{63C625A1-C659-44FD-9C2E-94BB8148C7DC} = {5358156C-0E06-4C9A-B038-858116396B8A}
		{CCABC4C1-6D30-49BC-8429-CA1655EDCF9E} = {5358156C-0E06-4C9A-B038-858116396B8A}
		{15CB9AE6-0470-413F-AF27-775B3EBFF548} = {C986DC65-E105-4725-AB65-8379C50DE5D9}
	EndGlobalSection
	GlobalSection(ExtensibilityGlobals) = postSolution
		SolutionGuid = {EE246682-CCDE-42BC-94DE-E96628CD8DC3}
	EndGlobalSection
EndGlobal
