
Microsoft Visual Studio Solution File, Format Version 12.00
# Visual Studio Version 17
VisualStudioVersion = 17.1.32421.90
MinimumVisualStudioVersion = 10.0.40219.1
Project("{FAE04EC0-301F-11D3-BF4B-00C04F79EFBC}") = "Enki-JWT", "Enki-JWT\Enki-JWT.csproj", "{04DB8C54-23E9-4C11-A09D-06111D1DB295}"
EndProject
Project("{FAE04EC0-301F-11D3-BF4B-00C04F79EFBC}") = "Enki-IS4", "Enki-IS4\Enki-IS4.csproj", "{6ACA9CD8-FA6F-4C33-A54D-BE7D331884AB}"
EndProject
Global
	GlobalSection(SolutionConfigurationPlatforms) = preSolution
		Debug|Any CPU = Debug|Any CPU
		Release|Any CPU = Release|Any CPU
	EndGlobalSection
	GlobalSection(ProjectConfigurationPlatforms) = postSolution
		{04DB8C54-23E9-4C11-A09D-06111D1DB295}.Debug|Any CPU.ActiveCfg = Debug|Any CPU
		{04DB8C54-23E9-4C11-A09D-06111D1DB295}.Debug|Any CPU.Build.0 = Debug|Any CPU
		{04DB8C54-23E9-4C11-A09D-06111D1DB295}.Release|Any CPU.ActiveCfg = Release|Any CPU
		{04DB8C54-23E9-4C11-A09D-06111D1DB295}.Release|Any CPU.Build.0 = Release|Any CPU
		{6ACA9CD8-FA6F-4C33-A54D-BE7D331884AB}.Debug|Any CPU.ActiveCfg = Debug|Any CPU
		{6ACA9CD8-FA6F-4C33-A54D-BE7D331884AB}.Debug|Any CPU.Build.0 = Debug|Any CPU
		{6ACA9CD8-FA6F-4C33-A54D-BE7D331884AB}.Release|Any CPU.ActiveCfg = Release|Any CPU
		{6ACA9CD8-FA6F-4C33-A54D-BE7D331884AB}.Release|Any CPU.Build.0 = Release|Any CPU
	EndGlobalSection
	GlobalSection(SolutionProperties) = preSolution
		HideSolutionNode = FALSE
	EndGlobalSection
	GlobalSection(ExtensibilityGlobals) = postSolution
		SolutionGuid = {EE246682-CCDE-42BC-94DE-E96628CD8DC3}
	EndGlobalSection
EndGlobal
